{
  "version": 4,
  "terraform_version": "1.14.5",
  "serial": 82,
  "lineage": "a110bcb0-9da3-dc82-f51e-19bdf783eaae",
  "outputs": {
    "api_endpoint": {
      "value": "https://jgqe4jz4ob.execute-api.us-east-1.amazonaws.com/prod/predict",
      "type": "string"
    },
    "curl_example": {
      "value": "curl -s -X POST \\\n  \"https://jgqe4jz4ob.execute-api.us-east-1.amazonaws.com/prod/predict\" \\\n  -H \"Content-Type: application/json\" \\\n  -d '{\"text\": \"Man who thought losing was impossible loses everything\"}' \\\n  | python3 -m json.tool\n",
      "type": "string"
    },
    "dynamodb_table": {
      "value": "SarcasmPredictions",
      "type": "string"
    },
    "ecr_repository": {
      "value": "395850919392.dkr.ecr.us-east-1.amazonaws.com/sarcasm-detection",
      "type": "string"
    },
    "lambda_function": {
      "value": "SarcasmDetectionAPI",
      "type": "string"
    },
    "s3_bucket": {
      "value": "sarcasm-ml-models-14a07565",
      "type": "string"
    },
    "sns_topic_arn": {
      "value": "arn:aws:sns:us-east-1:395850919392:SarcasmAlerts",
      "type": "string"
    }
  },
  "resources": [
    {
      "mode": "managed",
      "type": "aws_api_gateway_deployment",
      "name": "deployment",
      "provider": "provider[\"registry.terraform.io/hashicorp/aws\"]",
      "instances": [
        {
          "schema_version": 0,
          "attributes": {
            "canary_settings": [],
            "created_date": "2026-02-27T14:22:51Z",
            "description": "",
            "execution_arn": "arn:aws:execute-api:us-east-1:395850919392:jgqe4jz4ob/",
            "id": "k3bywj",
            "invoke_url": "https://jgqe4jz4ob.execute-api.us-east-1.amazonaws.com/",
            "rest_api_id": "jgqe4jz4ob",
            "stage_description": null,
            "stage_name": null,
            "triggers": {
              "redeployment": "6cc1fa2137859720db2f07bd3e92d187c6e2ead0"
            },
            "variables": null
          },
          "sensitive_attributes": [],
          "identity_schema_version": 0,
          "private": "bnVsbA==",
          "dependencies": [
            "aws_api_gateway_integration.lambda_integration",
            "aws_api_gateway_integration.options_mock",
            "aws_api_gateway_integration_response.options_response",
            "aws_api_gateway_method.options",
            "aws_api_gateway_method.post",
            "aws_api_gateway_method_response.options_200",
            "aws_api_gateway_resource.predict",
            "aws_api_gateway_rest_api.api",
            "aws_cloudwatch_log_group.lambda_logs",
            "aws_dynamodb_table.predictions",
            "aws_ecr_repository.lambda_repo",
            "aws_iam_role.lambda_role",
            "aws_iam_role_policy.lambda_policy",
            "aws_lambda_function.sarcasm_api",
            "aws_s3_bucket.model_bucket",
            "aws_s3_object.attention_weights",
            "aws_s3_object.lstm_weights",
            "aws_s3_object.transformer_weights",
            "null_resource.build_and_push_image",
            "null_resource.tokenizer",
            "random_id.bucket_suffix"
          ],
          "create_before_destroy": true
        }
      ]
    },
    {
      "mode": "managed",
      "type": "aws_api_gateway_integration",
      "name": "lambda_integration",
      "provider": "provider[\"registry.terraform.io/hashicorp/aws\"]",
      "instances": [
        {
          "schema_version": 0,
          "attributes": {
            "cache_key_parameters": null,
            "cache_namespace": "afi4iy",
            "connection_id": "",
            "connection_type": "INTERNET",
            "content_handling": "",
            "credentials": "",
            "http_method": "POST",
            "id": "agi-jgqe4jz4ob-afi4iy-POST",
            "integration_http_method": "POST",
            "passthrough_behavior": "WHEN_NO_MATCH",
            "request_parameters": null,
            "request_templates": null,
            "resource_id": "afi4iy",
            "rest_api_id": "jgqe4jz4ob",
            "timeout_milliseconds": 29000,
            "tls_config": [],
            "type": "AWS_PROXY",
            "uri": "arn:aws:apigateway:us-east-1:lambda:path/2015-03-31/functions/arn:aws:lambda:us-east-1:395850919392:function:SarcasmDetectionAPI/invocations"
          },
          "sensitive_attributes": [],
          "identity_schema_version": 0,
          "private": "bnVsbA==",
          "dependencies": [
            "aws_api_gateway_method.post",
            "aws_api_gateway_resource.predict",
            "aws_api_gateway_rest_api.api",
            "aws_cloudwatch_log_group.lambda_logs",
            "aws_dynamodb_table.predictions",
            "aws_ecr_repository.lambda_repo",
            "aws_iam_role.lambda_role",
            "aws_iam_role_policy.lambda_policy",
            "aws_lambda_function.sarcasm_api",
            "aws_s3_bucket.model_bucket",
            "aws_s3_object.attention_weights",
            "aws_s3_object.lstm_weights",
            "aws_s3_object.transformer_weights",
            "null_resource.build_and_push_image",
            "null_resource.tokenizer",
            "random_id.bucket_suffix"
          ],
          "create_before_destroy": true
        }
      ]
    },
    {
      "mode": "managed",
      "type": "aws_api_gateway_integration",
      "name": "options_mock",
      "provider": "provider[\"registry.terraform.io/hashicorp/aws\"]",
      "instances": [
        {
          "schema_version": 0,
          "attributes": {
            "cache_key_parameters": [],
            "cache_namespace": "afi4iy",
            "connection_id": "",
            "connection_type": "INTERNET",
            "content_handling": "",
            "credentials": "",
            "http_method": "OPTIONS",
            "id": "agi-jgqe4jz4ob-afi4iy-OPTIONS",
            "integration_http_method": "",
            "passthrough_behavior": "WHEN_NO_MATCH",
            "request_parameters": {},
            "request_templates": {
              "application/json": "{\"statusCode\": 200}"
            },
            "resource_id": "afi4iy",
            "rest_api_id": "jgqe4jz4ob",
            "timeout_milliseconds": 29000,
            "tls_config": [],
            "type": "MOCK",
            "uri": ""
          },
          "sensitive_attributes": [],
          "identity_schema_version": 0,
          "private": "bnVsbA==",
          "dependencies": [
            "aws_api_gateway_method.options",
            "aws_api_gateway_resource.predict",
            "aws_api_gateway_rest_api.api"
          ],
          "create_before_destroy": true
        }
      ]
    },
    {
      "mode": "managed",
      "type": "aws_api_gateway_integration_response",
      "name": "options_response",
      "provider": "provider[\"registry.terraform.io/hashicorp/aws\"]",
      "instances": [
        {
          "schema_version": 0,
          "attributes": {
            "content_handling": "",
            "http_method": "OPTIONS",
            "id": "agir-jgqe4jz4ob-afi4iy-OPTIONS-200",
            "resource_id": "afi4iy",
            "response_parameters": {
              "method.response.header.Access-Control-Allow-Headers": "'Content-Type,X-Amz-Date,Authorization'",
              "method.response.header.Access-Control-Allow-Methods": "'GET,OPTIONS,POST'",
              "method.response.header.Access-Control-Allow-Origin": "'*'"
            },
            "response_templates": {},
            "rest_api_id": "jgqe4jz4ob",
            "selection_pattern": "",
            "status_code": "200"
          },
          "sensitive_attributes": [],
          "identity_schema_version": 0,
          "private": "bnVsbA==",
          "dependencies": [
            "aws_api_gateway_integration.options_mock",
            "aws_api_gateway_method.options",
            "aws_api_gateway_method_response.options_200",
            "aws_api_gateway_resource.predict",
            "aws_api_gateway_rest_api.api"
          ],
          "create_before_destroy": true
        }
      ]
    },
    {
      "mode": "managed",
      "type": "aws_api_gateway_method",
      "name": "options",
      "provider": "provider[\"registry.terraform.io/hashicorp/aws\"]",
      "instances": [
        {
          "schema_version": 0,
          "attributes": {
            "api_key_required": false,
            "authorization": "NONE",
            "authorization_scopes": [],
            "authorizer_id": "",
            "http_method": "OPTIONS",
            "id": "agm-jgqe4jz4ob-afi4iy-OPTIONS",
            "operation_name": "",
            "request_models": {},
            "request_parameters": {},
            "request_validator_id": "",
            "resource_id": "afi4iy",
            "rest_api_id": "jgqe4jz4ob"
          },
          "sensitive_attributes": [],
          "identity_schema_version": 0,
          "private": "bnVsbA==",
          "dependencies": [
            "aws_api_gateway_resource.predict",
            "aws_api_gateway_rest_api.api"
          ],
          "create_before_destroy": true
        }
      ]
    },
    {
      "mode": "managed",
      "type": "aws_api_gateway_method",
      "name": "post",
      "provider": "provider[\"registry.terraform.io/hashicorp/aws\"]",
      "instances": [
        {
          "schema_version": 0,
          "attributes": {
            "api_key_required": false,
            "authorization": "NONE",
            "authorization_scopes": [],
            "authorizer_id": "",
            "http_method": "POST",
            "id": "agm-jgqe4jz4ob-afi4iy-POST",
            "operation_name": "",
            "request_models": {},
            "request_parameters": {},
            "request_validator_id": "",
            "resource_id": "afi4iy",
            "rest_api_id": "jgqe4jz4ob"
          },
          "sensitive_attributes": [],
          "identity_schema_version": 0,
          "private": "bnVsbA==",
          "dependencies": [
            "aws_api_gateway_resource.predict",
            "aws_api_gateway_rest_api.api"
          ],
          "create_before_destroy": true
        }
      ]
    },
    {
      "mode": "managed",
      "type": "aws_api_gateway_method_response",
      "name": "options_200",
      "provider": "provider[\"registry.terraform.io/hashicorp/aws\"]",
      "instances": [
        {
          "schema_version": 0,
          "attributes": {
            "http_method": "OPTIONS",
            "id": "agmr-jgqe4jz4ob-afi4iy-OPTIONS-200",
            "resource_id": "afi4iy",
            "response_models": {},
            "response_parameters": {
              "method.response.header.Access-Control-Allow-Headers": true,
              "method.response.header.Access-Control-Allow-Methods": true,
              "method.response.header.Access-Control-Allow-Origin": true
            },
            "rest_api_id": "jgqe4jz4ob",
            "status_code": "200"
          },
          "sensitive_attributes": [],
          "identity_schema_version": 0,
          "private": "bnVsbA==",
          "dependencies": [
            "aws_api_gateway_method.options",
            "aws_api_gateway_resource.predict",
            "aws_api_gateway_rest_api.api"
          ],
          "create_before_destroy": true
        }
      ]
    },
    {
      "mode": "managed",
      "type": "aws_api_gateway_resource",
      "name": "predict",
      "provider": "provider[\"registry.terraform.io/hashicorp/aws\"]",
      "instances": [
        {
          "schema_version": 0,
          "attributes": {
            "id": "afi4iy",
            "parent_id": "2ltak77s85",
            "path": "/predict",
            "path_part": "predict",
            "rest_api_id": "jgqe4jz4ob"
          },
          "sensitive_attributes": [],
          "identity_schema_version": 0,
          "private": "bnVsbA==",
          "dependencies": [
            "aws_api_gateway_rest_api.api"
          ],
          "create_before_destroy": true
        }
      ]
    },
    {
      "mode": "managed",
      "type": "aws_api_gateway_rest_api",
      "name": "api",
      "provider": "provider[\"registry.terraform.io/hashicorp/aws\"]",
      "instances": [
        {
          "schema_version": 0,
          "attributes": {
            "api_key_source": "HEADER",
            "arn": "arn:aws:apigateway:us-east-1::/restapis/jgqe4jz4ob",
            "binary_media_types": [],
            "body": null,
            "created_date": "2026-02-27T13:48:18Z",
            "description": "Ensemble neural network sarcasm classifier (LSTM + Attention + Transformer)",
            "disable_execute_api_endpoint": false,
            "endpoint_configuration": [
              {
                "ip_address_type": "ipv4",
                "types": [
                  "EDGE"
                ],
                "vpc_endpoint_ids": []
              }
            ],
            "execution_arn": "arn:aws:execute-api:us-east-1:395850919392:jgqe4jz4ob",
            "fail_on_warnings": null,
            "id": "jgqe4jz4ob",
            "minimum_compression_size": "",
            "name": "Sarcasm Detection API",
            "parameters": null,
            "policy": "",
            "put_rest_api_mode": null,
            "root_resource_id": "2ltak77s85",
            "tags": {},
            "tags_all": {}
          },
          "sensitive_attributes": [],
          "identity_schema_version": 0,
          "private": "bnVsbA==",
          "create_before_destroy": true
        }
      ]
    },
    {
      "mode": "managed",
      "type": "aws_api_gateway_stage",
      "name": "prod",
      "provider": "provider[\"registry.terraform.io/hashicorp/aws\"]",
      "instances": [
        {
          "schema_version": 0,
          "attributes": {
            "access_log_settings": [],
            "arn": "arn:aws:apigateway:us-east-1::/restapis/jgqe4jz4ob/stages/prod",
            "cache_cluster_enabled": false,
            "cache_cluster_size": "",
            "canary_settings": [],
            "client_certificate_id": "",
            "deployment_id": "k3bywj",
            "description": "",
            "documentation_version": "",
            "execution_arn": "arn:aws:execute-api:us-east-1:395850919392:jgqe4jz4ob/prod",
            "id": "ags-jgqe4jz4ob-prod",
            "invoke_url": "https://jgqe4jz4ob.execute-api.us-east-1.amazonaws.com/prod",
            "rest_api_id": "jgqe4jz4ob",
            "stage_name": "prod",
            "tags": null,
            "tags_all": {},
            "variables": null,
            "web_acl_arn": "",
            "xray_tracing_enabled": false
          },
          "sensitive_attributes": [],
          "identity_schema_version": 0,
          "private": "bnVsbA==",
          "dependencies": [
            "aws_api_gateway_deployment.deployment",
            "aws_api_gateway_integration.lambda_integration",
            "aws_api_gateway_integration.options_mock",
            "aws_api_gateway_integration_response.options_response",
            "aws_api_gateway_method.options",
            "aws_api_gateway_method.post",
            "aws_api_gateway_method_response.options_200",
            "aws_api_gateway_resource.predict",
            "aws_api_gateway_rest_api.api",
            "aws_cloudwatch_log_group.lambda_logs",
            "aws_dynamodb_table.predictions",
            "aws_ecr_repository.lambda_repo",
            "aws_iam_role.lambda_role",
            "aws_iam_role_policy.lambda_policy",
            "aws_lambda_function.sarcasm_api",
            "aws_s3_bucket.model_bucket",
            "aws_s3_object.attention_weights",
            "aws_s3_object.lstm_weights",
            "aws_s3_object.transformer_weights",
            "null_resource.build_and_push_image",
            "null_resource.tokenizer",
            "random_id.bucket_suffix"
          ]
        }
      ]
    },
    {
      "mode": "managed",
      "type": "aws_cloudwatch_log_group",
      "name": "lambda_logs",
      "provider": "provider[\"registry.terraform.io/hashicorp/aws\"]",
      "instances": [
        {
          "schema_version": 0,
          "attributes": {
            "arn": "arn:aws:logs:us-east-1:395850919392:log-group:/aws/lambda/SarcasmDetectionAPI",
            "id": "/aws/lambda/SarcasmDetectionAPI",
            "kms_key_id": "",
            "log_group_class": "STANDARD",
            "name": "/aws/lambda/SarcasmDetectionAPI",
            "name_prefix": "",
            "retention_in_days": 14,
            "skip_destroy": false,
            "tags": {},
            "tags_all": {}
          },
          "sensitive_attributes": [],
          "identity_schema_version": 0,
          "private": "bnVsbA==",
          "create_before_destroy": true
        }
      ]
    },
    {
      "mode": "managed",
      "type": "aws_cloudwatch_metric_alarm",
      "name": "high_invocations",
      "provider": "provider[\"registry.terraform.io/hashicorp/aws\"]",
      "instances": [
        {
          "schema_version": 1,
          "attributes": {
            "actions_enabled": true,
            "alarm_actions": [
              "arn:aws:sns:us-east-1:395850919392:SarcasmAlerts"
            ],
            "alarm_description": "Lambda invocations exceeded 1 000 per hour",
            "alarm_name": "SarcasmAPI-HighInvocations",
            "arn": "arn:aws:cloudwatch:us-east-1:395850919392:alarm:SarcasmAPI-HighInvocations",
            "comparison_operator": "GreaterThanThreshold",
            "datapoints_to_alarm": 0,
            "dimensions": {
              "FunctionName": "SarcasmDetectionAPI"
            },
            "evaluate_low_sample_count_percentiles": "",
            "evaluation_periods": 1,
            "extended_statistic": "",
            "id": "SarcasmAPI-HighInvocations",
            "insufficient_data_actions": null,
            "metric_name": "Invocations",
            "metric_query": [],
            "namespace": "AWS/Lambda",
            "ok_actions": null,
            "period": 3600,
            "statistic": "Sum",
            "tags": null,
            "tags_all": {},
            "threshold": 1000,
            "threshold_metric_id": "",
            "treat_missing_data": "notBreaching",
            "unit": ""
          },
          "sensitive_attributes": [],
          "identity_schema_version": 0,
          "private": "eyJzY2hlbWFfdmVyc2lvbiI6IjEifQ==",
          "dependencies": [
            "aws_cloudwatch_log_group.lambda_logs",
            "aws_dynamodb_table.predictions",
            "aws_ecr_repository.lambda_repo",
            "aws_iam_role.lambda_role",
            "aws_iam_role_policy.lambda_policy",
            "aws_lambda_function.sarcasm_api",
            "aws_s3_bucket.model_bucket",
            "aws_s3_object.attention_weights",
            "aws_s3_object.lstm_weights",
            "aws_s3_object.transformer_weights",
            "aws_sns_topic.alerts",
            "null_resource.build_and_push_image",
            "null_resource.tokenizer",
            "random_id.bucket_suffix"
          ]
        }
      ]
    },
    {
      "mode": "managed",
      "type": "aws_dynamodb_table",
      "name": "predictions",
      "provider": "provider[\"registry.terraform.io/hashicorp/aws\"]",
      "instances": [
        {
          "schema_version": 1,
          "attributes": {
            "arn": "arn:aws:dynamodb:us-east-1:395850919392:table/SarcasmPredictions",
            "attribute": [
              {
                "name": "prediction_id",
                "type": "S"
              },
              {
                "name": "timestamp",
                "type": "S"
              }
            ],
            "billing_mode": "PAY_PER_REQUEST",
            "deletion_protection_enabled": false,
            "global_secondary_index": [],
            "hash_key": "prediction_id",
            "id": "SarcasmPredictions",
            "import_table": [],
            "local_secondary_index": [],
            "name": "SarcasmPredictions",
            "on_demand_throughput": [],
            "point_in_time_recovery": [
              {
                "enabled": false,
                "recovery_period_in_days": 0
              }
            ],
            "range_key": "timestamp",
            "read_capacity": 0,
            "replica": [],
            "restore_date_time": null,
            "restore_source_name": null,
            "restore_source_table_arn": null,
            "restore_to_latest_time": null,
            "server_side_encryption": [],
            "stream_arn": "",
            "stream_enabled": false,
            "stream_label": "",
            "stream_view_type": "",
            "table_class": "STANDARD",
            "tags": {},
            "tags_all": {},
            "timeouts": null,
            "ttl": [
              {
                "attribute_name": "",
                "enabled": false
              }
            ],
            "write_capacity": 0
          },
          "sensitive_attributes": [],
          "identity_schema_version": 0,
          "private": "eyJlMmJmYjczMC1lY2FhLTExZTYtOGY4OC0zNDM2M2JjN2M0YzAiOnsiY3JlYXRlIjoxODAwMDAwMDAwMDAwLCJkZWxldGUiOjYwMDAwMDAwMDAwMCwidXBkYXRlIjozNjAwMDAwMDAwMDAwfSwic2NoZW1hX3ZlcnNpb24iOiIxIn0=",
          "create_before_destroy": true
        }
      ]
    },
    {
      "mode": "managed",
      "type": "aws_ecr_repository",
      "name": "lambda_repo",
      "provider": "provider[\"registry.terraform.io/hashicorp/aws\"]",
      "instances": [
        {
          "schema_version": 0,
          "attributes": {
            "arn": "arn:aws:ecr:us-east-1:395850919392:repository/sarcasm-detection",
            "encryption_configuration": [
              {
                "encryption_type": "AES256",
                "kms_key": ""
              }
            ],
            "force_delete": true,
            "id": "sarcasm-detection",
            "image_scanning_configuration": [
              {
                "scan_on_push": false
              }
            ],
            "image_tag_mutability": "MUTABLE",
            "name": "sarcasm-detection",
            "registry_id": "395850919392",
            "repository_url": "395850919392.dkr.ecr.us-east-1.amazonaws.com/sarcasm-detection",
            "tags": {},
            "tags_all": {},
            "timeouts": null
          },
          "sensitive_attributes": [],
          "identity_schema_version": 0,
          "private": "eyJlMmJmYjczMC1lY2FhLTExZTYtOGY4OC0zNDM2M2JjN2M0YzAiOnsiZGVsZXRlIjoxMjAwMDAwMDAwMDAwfX0=",
          "create_before_destroy": true
        }
      ]
    },
    {
      "mode": "managed",
      "type": "aws_iam_role",
      "name": "lambda_role",
      "provider": "provider[\"registry.terraform.io/hashicorp/aws\"]",
      "instances": [
        {
          "schema_version": 0,
          "attributes": {
            "arn": "arn:aws:iam::395850919392:role/SarcasmDetectionLambdaRole",
            "assume_role_policy": "{\"Statement\":[{\"Action\":\"sts:AssumeRole\",\"Effect\":\"Allow\",\"Principal\":{\"Service\":\"lambda.amazonaws.com\"}}],\"Version\":\"2012-10-17\"}",
            "create_date": "2026-02-27T13:48:17Z",
            "description": "",
            "force_detach_policies": false,
            "id": "SarcasmDetectionLambdaRole",
            "inline_policy": [
              {
                "name": "SarcasmDetectionPermissions",
                "policy": "{\"Version\":\"2012-10-17\",\"Statement\":[{\"Action\":[\"s3:GetObject\",\"s3:ListBucket\"],\"Effect\":\"Allow\",\"Resource\":[\"arn:aws:s3:::sarcasm-ml-models-14a07565\",\"arn:aws:s3:::sarcasm-ml-models-14a07565/*\"],\"Sid\":\"S3ModelAccess\"},{\"Action\":[\"dynamodb:PutItem\",\"dynamodb:GetItem\",\"dynamodb:Query\"],\"Effect\":\"Allow\",\"Resource\":\"arn:aws:dynamodb:us-east-1:395850919392:table/SarcasmPredictions\",\"Sid\":\"DynamoDBWrite\"},{\"Action\":[\"logs:CreateLogGroup\",\"logs:CreateLogStream\",\"logs:PutLogEvents\"],\"Effect\":\"Allow\",\"Resource\":\"arn:aws:logs:*:*:*\",\"Sid\":\"CloudWatchLogs\"},{\"Action\":[\"ecr:GetDownloadUrlForLayer\",\"ecr:BatchGetImage\",\"ecr:BatchCheckLayerAvailability\"],\"Effect\":\"Allow\",\"Resource\":\"arn:aws:ecr:us-east-1:395850919392:repository/sarcasm-detection\",\"Sid\":\"ECRPull\"},{\"Action\":\"ecr:GetAuthorizationToken\",\"Effect\":\"Allow\",\"Resource\":\"*\",\"Sid\":\"ECRAuth\"}]}"
              }
            ],
            "managed_policy_arns": [],
            "max_session_duration": 3600,
            "name": "SarcasmDetectionLambdaRole",
            "name_prefix": "",
            "path": "/",
            "permissions_boundary": "",
            "tags": {},
            "tags_all": {},
            "unique_id": "AROAVYKUNVXQFA5CACRSE"
          },
          "sensitive_attributes": [],
          "identity_schema_version": 0,
          "private": "bnVsbA==",
          "create_before_destroy": true
        }
      ]
    },
    {
      "mode": "managed",
      "type": "aws_iam_role_policy",
      "name": "lambda_policy",
      "provider": "provider[\"registry.terraform.io/hashicorp/aws\"]",
      "instances": [
        {
          "schema_version": 0,
          "attributes": {
            "id": "SarcasmDetectionLambdaRole:SarcasmDetectionPermissions",
            "name": "SarcasmDetectionPermissions",
            "name_prefix": "",
            "policy": "{\"Version\":\"2012-10-17\",\"Statement\":[{\"Action\":[\"s3:GetObject\",\"s3:ListBucket\"],\"Effect\":\"Allow\",\"Resource\":[\"arn:aws:s3:::sarcasm-ml-models-14a07565\",\"arn:aws:s3:::sarcasm-ml-models-14a07565/*\"],\"Sid\":\"S3ModelAccess\"},{\"Action\":[\"dynamodb:PutItem\",\"dynamodb:GetItem\",\"dynamodb:Query\"],\"Effect\":\"Allow\",\"Resource\":\"arn:aws:dynamodb:us-east-1:395850919392:table/SarcasmPredictions\",\"Sid\":\"DynamoDBWrite\"},{\"Action\":[\"logs:CreateLogGroup\",\"logs:CreateLogStream\",\"logs:PutLogEvents\"],\"Effect\":\"Allow\",\"Resource\":\"arn:aws:logs:*:*:*\",\"Sid\":\"CloudWatchLogs\"},{\"Action\":[\"ecr:GetDownloadUrlForLayer\",\"ecr:BatchGetImage\",\"ecr:BatchCheckLayerAvailability\"],\"Effect\":\"Allow\",\"Resource\":\"arn:aws:ecr:us-east-1:395850919392:repository/sarcasm-detection\",\"Sid\":\"ECRPull\"},{\"Action\":\"ecr:GetAuthorizationToken\",\"Effect\":\"Allow\",\"Resource\":\"*\",\"Sid\":\"ECRAuth\"}]}",
            "role": "SarcasmDetectionLambdaRole"
          },
          "sensitive_attributes": [],
          "identity_schema_version": 0,
          "private": "bnVsbA==",
          "dependencies": [
            "aws_dynamodb_table.predictions",
            "aws_ecr_repository.lambda_repo",
            "aws_iam_role.lambda_role",
            "aws_s3_bucket.model_bucket",
            "random_id.bucket_suffix"
          ],
          "create_before_destroy": true
        }
      ]
    },
    {
      "mode": "managed",
      "type": "aws_lambda_function",
      "name": "sarcasm_api",
      "provider": "provider[\"registry.terraform.io/hashicorp/aws\"]",
      "instances": [
        {
          "schema_version": 0,
          "attributes": {
            "architectures": [
              "x86_64"
            ],
            "arn": "arn:aws:lambda:us-east-1:395850919392:function:SarcasmDetectionAPI",
            "code_sha256": "e059811007daa78c27ec02d3db912a831c0113dcfc4be62a3386da1cfeadc42f",
            "code_signing_config_arn": "",
            "dead_letter_config": [],
            "description": "",
            "environment": [
              {
                "variables": {
                  "MODEL_BUCKET": "sarcasm-ml-models-14a07565",
                  "TABLE_NAME": "SarcasmPredictions"
                }
              }
            ],
            "ephemeral_storage": [
              {
                "size": 512
              }
            ],
            "file_system_config": [],
            "filename": null,
            "function_name": "SarcasmDetectionAPI",
            "handler": "",
            "id": "SarcasmDetectionAPI",
            "image_config": [],
            "image_uri": "395850919392.dkr.ecr.us-east-1.amazonaws.com/sarcasm-detection:latest",
            "invoke_arn": "arn:aws:apigateway:us-east-1:lambda:path/2015-03-31/functions/arn:aws:lambda:us-east-1:395850919392:function:SarcasmDetectionAPI/invocations",
            "kms_key_arn": "",
            "last_modified": "2026-02-27T14:22:20.818+0000",
            "layers": null,
            "logging_config": [
              {
                "application_log_level": "",
                "log_format": "Text",
                "log_group": "/aws/lambda/SarcasmDetectionAPI",
                "system_log_level": ""
              }
            ],
            "memory_size": 3008,
            "package_type": "Image",
            "publish": false,
            "qualified_arn": "arn:aws:lambda:us-east-1:395850919392:function:SarcasmDetectionAPI:$LATEST",
            "qualified_invoke_arn": "arn:aws:apigateway:us-east-1:lambda:path/2015-03-31/functions/arn:aws:lambda:us-east-1:395850919392:function:SarcasmDetectionAPI:$LATEST/invocations",
            "replace_security_groups_on_destroy": null,
            "replacement_security_group_ids": null,
            "reserved_concurrent_executions": -1,
            "role": "arn:aws:iam::395850919392:role/SarcasmDetectionLambdaRole",
            "runtime": "",
            "s3_bucket": null,
            "s3_key": null,
            "s3_object_version": null,
            "signing_job_arn": "",
            "signing_profile_version_arn": "",
            "skip_destroy": false,
            "snap_start": [],
            "source_code_hash": "",
            "source_code_size": 0,
            "tags": null,
            "tags_all": {},
            "timeout": 300,
            "timeouts": null,
            "tracing_config": [
              {
                "mode": "PassThrough"
              }
            ],
            "version": "$LATEST",
            "vpc_config": []
          },
          "sensitive_attributes": [],
          "identity_schema_version": 0,
          "private": "eyJlMmJmYjczMC1lY2FhLTExZTYtOGY4OC0zNDM2M2JjN2M0YzAiOnsiY3JlYXRlIjo2MDAwMDAwMDAwMDAsImRlbGV0ZSI6NjAwMDAwMDAwMDAwLCJ1cGRhdGUiOjYwMDAwMDAwMDAwMH19",
          "dependencies": [
            "aws_cloudwatch_log_group.lambda_logs",
            "aws_dynamodb_table.predictions",
            "aws_ecr_repository.lambda_repo",
            "aws_iam_role.lambda_role",
            "aws_iam_role_policy.lambda_policy",
            "aws_s3_bucket.model_bucket",
            "aws_s3_object.attention_weights",
            "aws_s3_object.lstm_weights",
            "aws_s3_object.transformer_weights",
            "null_resource.build_and_push_image",
            "null_resource.tokenizer",
            "random_id.bucket_suffix"
          ],
          "create_before_destroy": true
        }
      ]
    },
    {
      "mode": "managed",
      "type": "aws_lambda_permission",
      "name": "api_gateway",
      "provider": "provider[\"registry.terraform.io/hashicorp/aws\"]",
      "instances": [
        {
          "schema_version": 0,
          "attributes": {
            "action": "lambda:InvokeFunction",
            "event_source_token": null,
            "function_name": "SarcasmDetectionAPI",
            "function_url_auth_type": null,
            "id": "AllowAPIGatewayInvoke",
            "principal": "apigateway.amazonaws.com",
            "principal_org_id": null,
            "qualifier": "",
            "source_account": null,
            "source_arn": "arn:aws:execute-api:us-east-1:395850919392:jgqe4jz4ob/*/*",
            "statement_id": "AllowAPIGatewayInvoke",
            "statement_id_prefix": ""
          },
          "sensitive_attributes": [],
          "identity_schema_version": 0,
          "private": "bnVsbA==",
          "dependencies": [
            "aws_api_gateway_rest_api.api",
            "aws_cloudwatch_log_group.lambda_logs",
            "aws_dynamodb_table.predictions",
            "aws_ecr_repository.lambda_repo",
            "aws_iam_role.lambda_role",
            "aws_iam_role_policy.lambda_policy",
            "aws_lambda_function.sarcasm_api",
            "aws_s3_bucket.model_bucket",
            "aws_s3_object.attention_weights",
            "aws_s3_object.lstm_weights",
            "aws_s3_object.transformer_weights",
            "null_resource.build_and_push_image",
            "null_resource.tokenizer",
            "random_id.bucket_suffix"
          ]
        }
      ]
    },
    {
      "mode": "managed",
      "type": "aws_s3_bucket",
      "name": "model_bucket",
      "provider": "provider[\"registry.terraform.io/hashicorp/aws\"]",
      "instances": [
        {
          "schema_version": 0,
          "attributes": {
            "acceleration_status": "",
            "acl": null,
            "arn": "arn:aws:s3:::sarcasm-ml-models-14a07565",
            "bucket": "sarcasm-ml-models-14a07565",
            "bucket_domain_name": "sarcasm-ml-models-14a07565.s3.amazonaws.com",
            "bucket_prefix": "",
            "bucket_regional_domain_name": "sarcasm-ml-models-14a07565.s3.us-east-1.amazonaws.com",
            "cors_rule": [],
            "force_destroy": true,
            "grant": [
              {
                "id": "5ec91ddaf0bd588d9a89eb1e3ea2f35e01f4cac01b16daa4d5512e0267d39fa1",
                "permissions": [
                  "FULL_CONTROL"
                ],
                "type": "CanonicalUser",
                "uri": ""
              }
            ],
            "hosted_zone_id": "Z3AQBSTGFYJSTF",
            "id": "sarcasm-ml-models-14a07565",
            "lifecycle_rule": [],
            "logging": [],
            "object_lock_configuration": [],
            "object_lock_enabled": false,
            "policy": "",
            "region": "us-east-1",
            "replication_configuration": [],
            "request_payer": "BucketOwner",
            "server_side_encryption_configuration": [
              {
                "rule": [
                  {
                    "apply_server_side_encryption_by_default": [
                      {
                        "kms_master_key_id": "",
                        "sse_algorithm": "AES256"
                      }
                    ],
                    "bucket_key_enabled": false
                  }
                ]
              }
            ],
            "tags": {},
            "tags_all": {},
            "timeouts": null,
            "versioning": [
              {
                "enabled": true,
                "mfa_delete": false
              }
            ],
            "website": [],
            "website_domain": null,
            "website_endpoint": null
          },
          "sensitive_attributes": [],
          "identity_schema_version": 0,
          "private": "eyJlMmJmYjczMC1lY2FhLTExZTYtOGY4OC0zNDM2M2JjN2M0YzAiOnsiY3JlYXRlIjoxMjAwMDAwMDAwMDAwLCJkZWxldGUiOjM2MDAwMDAwMDAwMDAsInJlYWQiOjEyMDAwMDAwMDAwMDAsInVwZGF0ZSI6MTIwMDAwMDAwMDAwMH19",
          "dependencies": [
            "random_id.bucket_suffix"
          ],
          "create_before_destroy": true
        }
      ]
    },
    {
      "mode": "managed",
      "type": "aws_s3_bucket_versioning",
      "name": "model_bucket_versioning",
      "provider": "provider[\"registry.terraform.io/hashicorp/aws\"]",
      "instances": [
        {
          "schema_version": 0,
          "attributes": {
            "bucket": "sarcasm-ml-models-14a07565",
            "expected_bucket_owner": "",
            "id": "sarcasm-ml-models-14a07565",
            "mfa": null,
            "versioning_configuration": [
              {
                "mfa_delete": "",
                "status": "Enabled"
              }
            ]
          },
          "sensitive_attributes": [],
          "identity_schema_version": 0,
          "private": "bnVsbA==",
          "dependencies": [
            "aws_s3_bucket.model_bucket",
            "random_id.bucket_suffix"
          ]
        }
      ]
    },
    {
      "mode": "managed",
      "type": "aws_s3_object",
      "name": "attention_weights",
      "provider": "provider[\"registry.terraform.io/hashicorp/aws\"]",
      "instances": [
        {
          "schema_version": 0,
          "attributes": {
            "acl": null,
            "arn": "arn:aws:s3:::sarcasm-ml-models-14a07565/models/attention.weights.h5",
            "bucket": "sarcasm-ml-models-14a07565",
            "bucket_key_enabled": false,
            "cache_control": "",
            "checksum_algorithm": null,
            "checksum_crc32": "",
            "checksum_crc32c": "",
            "checksum_crc64nvme": "",
            "checksum_sha1": "",
            "checksum_sha256": "",
            "content": null,
            "content_base64": null,
            "content_disposition": "",
            "content_encoding": "",
            "content_language": "",
            "content_type": "binary/octet-stream",
            "etag": "c49f92fd455bacbe0a82461f98a6ab45-3",
            "force_destroy": false,
            "id": "models/attention.weights.h5",
            "key": "models/attention.weights.h5",
            "kms_key_id": null,
            "metadata": {},
            "object_lock_legal_hold_status": "",
            "object_lock_mode": "",
            "object_lock_retain_until_date": "",
            "override_provider": [],
            "server_side_encryption": "AES256",
            "source": "/home/youssuf/Desktop/sarcasm_detection_ensemble/saved_models/attention.weights.h5",
            "source_hash": null,
            "storage_class": "STANDARD",
            "tags": {},
            "tags_all": {},
            "version_id": "fpbphU5YVd.mwsLimYXMGwMOJzeawaxZ",
            "website_redirect": ""
          },
          "sensitive_attributes": [],
          "identity_schema_version": 0,
          "private": "bnVsbA==",
          "dependencies": [
            "aws_s3_bucket.model_bucket",
            "random_id.bucket_suffix"
          ],
          "create_before_destroy": true
        }
      ]
    },
    {
      "mode": "managed",
      "type": "aws_s3_object",
      "name": "lstm_weights",
      "provider": "provider[\"registry.terraform.io/hashicorp/aws\"]",
      "instances": [
        {
          "schema_version": 0,
          "attributes": {
            "acl": null,
            "arn": "arn:aws:s3:::sarcasm-ml-models-14a07565/models/lstm.weights.h5",
            "bucket": "sarcasm-ml-models-14a07565",
            "bucket_key_enabled": false,
            "cache_control": "",
            "checksum_algorithm": null,
            "checksum_crc32": "",
            "checksum_crc32c": "",
            "checksum_crc64nvme": "",
            "checksum_sha1": "",
            "checksum_sha256": "",
            "content": null,
            "content_base64": null,
            "content_disposition": "",
            "content_encoding": "",
            "content_language": "",
            "content_type": "binary/octet-stream",
            "etag": "3d66b34c9d914f2b1f74bd8a7c88c03d-4",
            "force_destroy": false,
            "id": "models/lstm.weights.h5",
            "key": "models/lstm.weights.h5",
            "kms_key_id": null,
            "metadata": {},
            "object_lock_legal_hold_status": "",
            "object_lock_mode": "",
            "object_lock_retain_until_date": "",
            "override_provider": [],
            "server_side_encryption": "AES256",
            "source": "/home/youssuf/Desktop/sarcasm_detection_ensemble/saved_models/lstm.weights.h5",
            "source_hash": null,
            "storage_class": "STANDARD",
            "tags": {},
            "tags_all": {},
            "version_id": "GgOU.00iiAjTuDNHonKXYmmjqAGOm9q3",
            "website_redirect": ""
          },
          "sensitive_attributes": [],
          "identity_schema_version": 0,
          "private": "bnVsbA==",
          "dependencies": [
            "aws_s3_bucket.model_bucket",
            "random_id.bucket_suffix"
          ],
          "create_before_destroy": true
        }
      ]
    },
    {
      "mode": "managed",
      "type": "aws_s3_object",
      "name": "transformer_weights",
      "provider": "provider[\"registry.terraform.io/hashicorp/aws\"]",
      "instances": [
        {
          "schema_version": 0,
          "attributes": {
            "acl": null,
            "arn": "arn:aws:s3:::sarcasm-ml-models-14a07565/models/transformer.weights.h5",
            "bucket": "sarcasm-ml-models-14a07565",
            "bucket_key_enabled": false,
            "cache_control": "",
            "checksum_algorithm": null,
            "checksum_crc32": "",
            "checksum_crc32c": "",
            "checksum_crc64nvme": "",
            "checksum_sha1": "",
            "checksum_sha256": "",
            "content": null,
            "content_base64": null,
            "content_disposition": "",
            "content_encoding": "",
            "content_language": "",
            "content_type": "binary/octet-stream",
            "etag": "a8f830d96bba056bcc9f5978896609f2-4",
            "force_destroy": false,
            "id": "models/transformer.weights.h5",
            "key": "models/transformer.weights.h5",
            "kms_key_id": null,
            "metadata": {},
            "object_lock_legal_hold_status": "",
            "object_lock_mode": "",
            "object_lock_retain_until_date": "",
            "override_provider": [],
            "server_side_encryption": "AES256",
            "source": "/home/youssuf/Desktop/sarcasm_detection_ensemble/saved_models/transformer.weights.h5",
            "source_hash": null,
            "storage_class": "STANDARD",
            "tags": {},
            "tags_all": {},
            "version_id": "EycNv0opkz8TooZt4WJU1LZS9PrKut0w",
            "website_redirect": ""
          },
          "sensitive_attributes": [],
          "identity_schema_version": 0,
          "private": "bnVsbA==",
          "dependencies": [
            "aws_s3_bucket.model_bucket",
            "random_id.bucket_suffix"
          ],
          "create_before_destroy": true
        }
      ]
    },
    {
      "mode": "managed",
      "type": "aws_sns_topic",
      "name": "alerts",
      "provider": "provider[\"registry.terraform.io/hashicorp/aws\"]",
      "instances": [
        {
          "schema_version": 0,
          "attributes": {
            "application_failure_feedback_role_arn": "",
            "application_success_feedback_role_arn": "",
            "application_success_feedback_sample_rate": 0,
            "archive_policy": "",
            "arn": "arn:aws:sns:us-east-1:395850919392:SarcasmAlerts",
            "beginning_archive_time": "",
            "content_based_deduplication": false,
            "delivery_policy": "",
            "display_name": "",
            "fifo_throughput_scope": "",
            "fifo_topic": false,
            "firehose_failure_feedback_role_arn": "",
            "firehose_success_feedback_role_arn": "",
            "firehose_success_feedback_sample_rate": 0,
            "http_failure_feedback_role_arn": "",
            "http_success_feedback_role_arn": "",
            "http_success_feedback_sample_rate": 0,
            "id": "arn:aws:sns:us-east-1:395850919392:SarcasmAlerts",
            "kms_master_key_id": "",
            "lambda_failure_feedback_role_arn": "",
            "lambda_success_feedback_role_arn": "",
            "lambda_success_feedback_sample_rate": 0,
            "name": "SarcasmAlerts",
            "name_prefix": "",
            "owner": "395850919392",
            "policy": "{\"Id\":\"__default_policy_ID\",\"Statement\":[{\"Action\":[\"SNS:GetTopicAttributes\",\"SNS:SetTopicAttributes\",\"SNS:AddPermission\",\"SNS:RemovePermission\",\"SNS:DeleteTopic\",\"SNS:Subscribe\",\"SNS:ListSubscriptionsByTopic\",\"SNS:Publish\"],\"Condition\":{\"StringEquals\":{\"AWS:SourceOwner\":\"395850919392\"}},\"Effect\":\"Allow\",\"Principal\":{\"AWS\":\"*\"},\"Resource\":\"arn:aws:sns:us-east-1:395850919392:SarcasmAlerts\",\"Sid\":\"__default_statement_ID\"}],\"Version\":\"2008-10-17\"}",
            "signature_version": 0,
            "sqs_failure_feedback_role_arn": "",
            "sqs_success_feedback_role_arn": "",
            "sqs_success_feedback_sample_rate": 0,
            "tags": {},
            "tags_all": {},
            "tracing_config": ""
          },
          "sensitive_attributes": [],
          "identity_schema_version": 0,
          "private": "bnVsbA=="
        }
      ]
    },
    {
      "mode": "managed",
      "type": "null_resource",
      "name": "build_and_push_image",
      "provider": "provider[\"registry.terraform.io/hashicorp/null\"]",
      "instances": [
        {
          "schema_version": 0,
          "attributes": {
            "id": "928152217284947339",
            "triggers": {
              "dockerfile_hash": "b1c55120918c085888bb0c10a145fc21",
              "handler_hash": "d0f86858b5d1da3f8ca4637cb017a304",
              "src_hash": "9a838ab2e9900c564b00a1f82528c477cc035a7a404ba6287098a61bffed2fc8"
            }
          },
          "sensitive_attributes": [],
          "identity_schema_version": 0,
          "dependencies": [
            "aws_ecr_repository.lambda_repo"
          ],
          "create_before_destroy": true
        }
      ]
    },
    {
      "mode": "managed",
      "type": "null_resource",
      "name": "tokenizer",
      "provider": "provider[\"registry.terraform.io/hashicorp/null\"]",
      "instances": [
        {
          "schema_version": 0,
          "attributes": {
            "id": "3698956623654766773",
            "triggers": {
              "bucket_id": "sarcasm-ml-models-14a07565",
              "dataset_hash": "0ef01ad4a43eb0d15fec742c26d45e34",
              "script_hash": "8b2def6298ffd52af9ae950d02288624"
            }
          },
          "sensitive_attributes": [],
          "identity_schema_version": 0,
          "dependencies": [
            "aws_s3_bucket.model_bucket",
            "random_id.bucket_suffix"
          ],
          "create_before_destroy": true
        }
      ]
    },
    {
      "mode": "managed",
      "type": "null_resource",
      "name": "warm_up_lambda",
      "provider": "provider[\"registry.terraform.io/hashicorp/null\"]",
      "instances": [
        {
          "schema_version": 0,
          "attributes": {
            "id": "9013788388346839881",
            "triggers": {
              "lambda_arn": "arn:aws:lambda:us-east-1:395850919392:function:SarcasmDetectionAPI"
            }
          },
          "sensitive_attributes": [],
          "identity_schema_version": 0,
          "dependencies": [
            "aws_api_gateway_rest_api.api",
            "aws_cloudwatch_log_group.lambda_logs",
            "aws_dynamodb_table.predictions",
            "aws_ecr_repository.lambda_repo",
            "aws_iam_role.lambda_role",
            "aws_iam_role_policy.lambda_policy",
            "aws_lambda_function.sarcasm_api",
            "aws_lambda_permission.api_gateway",
            "aws_s3_bucket.model_bucket",
            "aws_s3_object.attention_weights",
            "aws_s3_object.lstm_weights",
            "aws_s3_object.transformer_weights",
            "null_resource.build_and_push_image",
            "null_resource.tokenizer",
            "random_id.bucket_suffix"
          ]
        }
      ]
    },
    {
      "mode": "managed",
      "type": "random_id",
      "name": "bucket_suffix",
      "provider": "provider[\"registry.terraform.io/hashicorp/random\"]",
      "instances": [
        {
          "schema_version": 0,
          "attributes": {
            "b64_std": "FKB1ZQ==",
            "b64_url": "FKB1ZQ",
            "byte_length": 4,
            "dec": "346060133",
            "hex": "14a07565",
            "id": "FKB1ZQ",
            "keepers": null,
            "prefix": null
          },
          "sensitive_attributes": [],
          "identity_schema_version": 0,
          "create_before_destroy": true
        }
      ]
    }
  ],
  "check_results": null
}
